
Microsoft Visual Studio Solution File, Format Version 12.00
# Visual Studio Version 17
VisualStudioVersion = 17.5.33424.131
MinimumVisualStudioVersion = 10.0.40219.1
Project("{9A19103F-16F7-4668-BE54-9A1E7A4F7556}") = "WebApp", "01_AspNetMVC\WebApp.csproj", "{B0F97E27-15B8-40DF-9887-09B865EF82A7}"
EndProject
Project("{9A19103F-16F7-4668-BE54-9A1E7A4F7556}") = "Api", "Api\Api.csproj", "{E3933D63-C294-4402-9838-A8053EC3C5E4}"
EndProject
Global
	GlobalSection(SolutionConfigurationPlatforms) = preSolution
		Debug|Any CPU = Debug|Any CPU
		Release|Any CPU = Release|Any CPU
	EndGlobalSection
	GlobalSection(ProjectConfigurationPlatforms) = postSolution
		{B0F97E27-15B8-40DF-9887-09B865EF82A7}.Debug|Any CPU.ActiveCfg = Debug|Any CPU
		{B0F97E27-15B8-40DF-9887-09B865EF82A7}.Debug|Any CPU.Build.0 = Debug|Any CPU
		{B0F97E27-15B8-40DF-9887-09B865EF82A7}.Release|Any CPU.ActiveCfg = Release|Any CPU
		{B0F97E27-15B8-40DF-9887-09B865EF82A7}.Release|Any CPU.Build.0 = Release|Any CPU
		{E3933D63-C294-4402-9838-A8053EC3C5E4}.Debug|Any CPU.ActiveCfg = Debug|Any CPU
		{E3933D63-C294-4402-9838-A8053EC3C5E4}.Debug|Any CPU.Build.0 = Debug|Any CPU
		{E3933D63-C294-4402-9838-A8053EC3C5E4}.Release|Any CPU.ActiveCfg = Release|Any CPU
		{E3933D63-C294-4402-9838-A8053EC3C5E4}.Release|Any CPU.Build.0 = Release|Any CPU
	EndGlobalSection
	GlobalSection(SolutionProperties) = preSolution
		HideSolutionNode = FALSE
	EndGlobalSection
	GlobalSection(ExtensibilityGlobals) = postSolution
		SolutionGuid = {135201F1-AD6E-4382-826D-799F53452B05}
	EndGlobalSection
EndGlobal
